Microsoft Visual Studio Solution File, Format Version 12.00
# Visual Studio Version 17
VisualStudioVersion = 17.5.2.0
MinimumVisualStudioVersion = 10.0.40219.1
Project("{FAE04EC0-301F-11D3-BF4B-00C04F79EFBC}") = "C2-Pl-nova-ud-lost-", "C2-Pl-nova-ud-lost-.csproj", "{FFDABAC2-80AA-1D8D-F6C0-554FC12DC66C}"
EndProject
Global
	GlobalSection(SolutionConfigurationPlatforms) = preSolution
		Debug|Any CPU = Debug|Any CPU
		Release|Any CPU = Release|Any CPU
	EndGlobalSection
	GlobalSection(ProjectConfigurationPlatforms) = postSolution
		{FFDABAC2-80AA-1D8D-F6C0-554FC12DC66C}.Debug|Any CPU.ActiveCfg = Debug|Any CPU
		{FFDABAC2-80AA-1D8D-F6C0-554FC12DC66C}.Debug|Any CPU.Build.0 = Debug|Any CPU
		{FFDABAC2-80AA-1D8D-F6C0-554FC12DC66C}.Release|Any CPU.ActiveCfg = Release|Any CPU
		{FFDABAC2-80AA-1D8D-F6C0-554FC12DC66C}.Release|Any CPU.Build.0 = Release|Any CPU
	EndGlobalSection
	GlobalSection(SolutionProperties) = preSolution
		HideSolutionNode = FALSE
	EndGlobalSection
	GlobalSection(ExtensibilityGlobals) = postSolution
		SolutionGuid = {161BA59D-13DF-4D1B-B99A-255BF783D948}
	EndGlobalSection
EndGlobal
